
Microsoft Visual Studio Solution File, Format Version 12.00
Project("{FAE04EC0-301F-11D3-BF4B-00C04F79EFBC}") = "To-Do List", "To-Do List\To-Do List.csproj", "{7D1DC91E-0F0E-4B4B-B0E6-C943C6E1087B}"
EndProject
Project("{FAE04EC0-301F-11D3-BF4B-00C04F79EFBC}") = "MVC To-Do List", "MVC To-Do List\MVC To-Do List.csproj", "{65036F61-83ED-483B-B572-29A92A214A20}"
EndProject
Global
	GlobalSection(SolutionConfigurationPlatforms) = preSolution
		Debug|Any CPU = Debug|Any CPU
		Release|Any CPU = Release|Any CPU
	EndGlobalSection
	GlobalSection(ProjectConfigurationPlatforms) = postSolution
		{7D1DC91E-0F0E-4B4B-B0E6-C943C6E1087B}.Debug|Any CPU.ActiveCfg = Debug|Any CPU
		{7D1DC91E-0F0E-4B4B-B0E6-C943C6E1087B}.Debug|Any CPU.Build.0 = Debug|Any CPU
		{7D1DC91E-0F0E-4B4B-B0E6-C943C6E1087B}.Release|Any CPU.ActiveCfg = Release|Any CPU
		{7D1DC91E-0F0E-4B4B-B0E6-C943C6E1087B}.Release|Any CPU.Build.0 = Release|Any CPU
		{65036F61-83ED-483B-B572-29A92A214A20}.Debug|Any CPU.ActiveCfg = Debug|Any CPU
		{65036F61-83ED-483B-B572-29A92A214A20}.Debug|Any CPU.Build.0 = Debug|Any CPU
		{65036F61-83ED-483B-B572-29A92A214A20}.Release|Any CPU.ActiveCfg = Release|Any CPU
		{65036F61-83ED-483B-B572-29A92A214A20}.Release|Any CPU.Build.0 = Release|Any CPU
	EndGlobalSection
EndGlobal
